
Microsoft Visual Studio Solution File, Format Version 12.00
# Visual Studio 15
VisualStudioVersion = 15.0.27130.2010
MinimumVisualStudioVersion = 10.0.40219.1
Project("{FAE04EC0-301F-11D3-BF4B-00C04F79EFBC}") = "imbSCI.Core", "imbSCI.Core\imbSCI.Core.csproj", "{D02F731C-3A1C-4094-BA85-A8B563906E7E}"
EndProject
Project("{FAE04EC0-301F-11D3-BF4B-00C04F79EFBC}") = "imbSCI.Data", "imbSCI.Data\imbSCI.Data.csproj", "{22B51684-1A11-4523-8C5C-FC6D76818BC4}"
EndProject
Project("{FAE04EC0-301F-11D3-BF4B-00C04F79EFBC}") = "imbSCI.Reporting", "imbSCI.Reporting\imbSCI.Reporting.csproj", "{D50919E9-84F1-4DC8-A101-3C114389B067}"
EndProject
Project("{FAE04EC0-301F-11D3-BF4B-00C04F79EFBC}") = "imbSCI.DataComplex", "imbSCI.DataComplex\imbSCI.DataComplex.csproj", "{84869E5F-CC21-425D-BEB6-5EF4D4773B15}"
EndProject
Project("{FAE04EC0-301F-11D3-BF4B-00C04F79EFBC}") = "imbSCI.NuGet", "imbSCI.NuGet\imbSCI.NuGet.csproj", "{AEA3D3AD-56C4-4811-806B-DE563E248138}"
EndProject
Project("{2150E333-8FDC-42A3-9474-1A3956D46DE8}") = ".NuGetPack", ".NuGetPack", "{E6E11A45-4D5C-4C1D-BB02-E65AC5DC9793}"
	ProjectSection(SolutionItems) = preProject
		.NuGetPack\NuGet.exe = .NuGetPack\NuGet.exe
		.NuGetPack\NuGetPack.exe = .NuGetPack\NuGetPack.exe
	EndProjectSection
EndProject
Project("{7CF6DF6D-3B04-46F8-A40B-537D21BCA0B4}") = "imbSCI.Sandcastle", "..\imbSCI.Documentation\imbSCI\imbSCI.Sandcastle\imbSCI.Sandcastle.shfbproj", "{0EE97927-F515-41C5-93AF-2FEFACE008F1}"
EndProject
Project("{FAE04EC0-301F-11D3-BF4B-00C04F79EFBC}") = "imbSCI.TestUnit", "imbSCI.TestUnit\imbSCI.TestUnit.csproj", "{9A9FDA5B-BF30-4961-A49C-80F99F6F5E32}"
EndProject
Project("{FAE04EC0-301F-11D3-BF4B-00C04F79EFBC}") = "imbSCI.Graph", "imbSCI.Graph\imbSCI.Graph.csproj", "{44632DFA-7E69-4F56-B87C-005D013F312D}"
EndProject
Global
	GlobalSection(SolutionConfigurationPlatforms) = preSolution
		Debug|Any CPU = Debug|Any CPU
		Release|Any CPU = Release|Any CPU
	EndGlobalSection
	GlobalSection(ProjectConfigurationPlatforms) = postSolution
		{D02F731C-3A1C-4094-BA85-A8B563906E7E}.Debug|Any CPU.ActiveCfg = Debug|Any CPU
		{D02F731C-3A1C-4094-BA85-A8B563906E7E}.Debug|Any CPU.Build.0 = Debug|Any CPU
		{D02F731C-3A1C-4094-BA85-A8B563906E7E}.Release|Any CPU.ActiveCfg = Release|Any CPU
		{D02F731C-3A1C-4094-BA85-A8B563906E7E}.Release|Any CPU.Build.0 = Release|Any CPU
		{22B51684-1A11-4523-8C5C-FC6D76818BC4}.Debug|Any CPU.ActiveCfg = Debug|Any CPU
		{22B51684-1A11-4523-8C5C-FC6D76818BC4}.Debug|Any CPU.Build.0 = Debug|Any CPU
		{22B51684-1A11-4523-8C5C-FC6D76818BC4}.Release|Any CPU.ActiveCfg = Release|Any CPU
		{22B51684-1A11-4523-8C5C-FC6D76818BC4}.Release|Any CPU.Build.0 = Release|Any CPU
		{D50919E9-84F1-4DC8-A101-3C114389B067}.Debug|Any CPU.ActiveCfg = Debug|Any CPU
		{D50919E9-84F1-4DC8-A101-3C114389B067}.Debug|Any CPU.Build.0 = Debug|Any CPU
		{D50919E9-84F1-4DC8-A101-3C114389B067}.Release|Any CPU.ActiveCfg = Release|Any CPU
		{D50919E9-84F1-4DC8-A101-3C114389B067}.Release|Any CPU.Build.0 = Release|Any CPU
		{84869E5F-CC21-425D-BEB6-5EF4D4773B15}.Debug|Any CPU.ActiveCfg = Debug|Any CPU
		{84869E5F-CC21-425D-BEB6-5EF4D4773B15}.Debug|Any CPU.Build.0 = Debug|Any CPU
		{84869E5F-CC21-425D-BEB6-5EF4D4773B15}.Release|Any CPU.ActiveCfg = Release|Any CPU
		{84869E5F-CC21-425D-BEB6-5EF4D4773B15}.Release|Any CPU.Build.0 = Release|Any CPU
		{AEA3D3AD-56C4-4811-806B-DE563E248138}.Debug|Any CPU.ActiveCfg = Debug|Any CPU
		{AEA3D3AD-56C4-4811-806B-DE563E248138}.Debug|Any CPU.Build.0 = Debug|Any CPU
		{AEA3D3AD-56C4-4811-806B-DE563E248138}.Release|Any CPU.ActiveCfg = Release|Any CPU
		{AEA3D3AD-56C4-4811-806B-DE563E248138}.Release|Any CPU.Build.0 = Release|Any CPU
		{0EE97927-F515-41C5-93AF-2FEFACE008F1}.Debug|Any CPU.ActiveCfg = Debug|Any CPU
		{0EE97927-F515-41C5-93AF-2FEFACE008F1}.Release|Any CPU.ActiveCfg = Release|Any CPU
		{9A9FDA5B-BF30-4961-A49C-80F99F6F5E32}.Debug|Any CPU.ActiveCfg = Debug|Any CPU
		{9A9FDA5B-BF30-4961-A49C-80F99F6F5E32}.Debug|Any CPU.Build.0 = Debug|Any CPU
		{9A9FDA5B-BF30-4961-A49C-80F99F6F5E32}.Release|Any CPU.ActiveCfg = Release|Any CPU
		{9A9FDA5B-BF30-4961-A49C-80F99F6F5E32}.Release|Any CPU.Build.0 = Release|Any CPU
		{44632DFA-7E69-4F56-B87C-005D013F312D}.Debug|Any CPU.ActiveCfg = Debug|Any CPU
		{44632DFA-7E69-4F56-B87C-005D013F312D}.Debug|Any CPU.Build.0 = Debug|Any CPU
		{44632DFA-7E69-4F56-B87C-005D013F312D}.Release|Any CPU.ActiveCfg = Release|Any CPU
		{44632DFA-7E69-4F56-B87C-005D013F312D}.Release|Any CPU.Build.0 = Release|Any CPU
	EndGlobalSection
	GlobalSection(SolutionProperties) = preSolution
		HideSolutionNode = FALSE
	EndGlobalSection
	GlobalSection(ExtensibilityGlobals) = postSolution
		SolutionGuid = {BE7E2445-2F01-4C2E-8D3B-572C8015104B}
	EndGlobalSection
EndGlobal
