
Microsoft Visual Studio Solution File, Format Version 12.00
# Visual Studio 15
VisualStudioVersion = 15.0.27130.2024
MinimumVisualStudioVersion = 10.0.40219.1
Project("{2150E333-8FDC-42A3-9474-1A3956D46DE8}") = ".NuGetPack", ".NuGetPack", "{E6E11A45-4D5C-4C1D-BB02-E65AC5DC9793}"
	ProjectSection(SolutionItems) = preProject
		.NuGetPack\NuGet.exe = .NuGetPack\NuGet.exe
		.NuGetPack\NuGetPack.exe = .NuGetPack\NuGetPack.exe
	EndProjectSection
EndProject
Project("{FAE04EC0-301F-11D3-BF4B-00C04F79EFBC}") = "imbSCI.TestUnit", "imbSCI.TestUnit\imbSCI.TestUnit.csproj", "{9A9FDA5B-BF30-4961-A49C-80F99F6F5E32}"
EndProject
Project("{7CF6DF6D-3B04-46F8-A40B-537D21BCA0B4}") = "imbSCI.Sandcastle", "..\imbSCI.Documentation\imbSCI\imbSCI.Sandcastle\imbSCI.Sandcastle.shfbproj", "{0EE97927-F515-41C5-93AF-2FEFACE008F1}"
EndProject
Project("{9A19103F-16F7-4668-BE54-9A1E7A4F7556}") = "imbSCI.Data.Standard", "imbSCI.Data.Standard\imbSCI.Data.Standard.csproj", "{4DE91920-D704-44F9-9CF4-0820BBB6045B}"
EndProject
Project("{9A19103F-16F7-4668-BE54-9A1E7A4F7556}") = "imbSCI.Core.Standard", "imbSCI.Core.Standard\imbSCI.Core.Standard.csproj", "{A0F7F075-1AA7-49BD-8D4B-811E0438C4D2}"
EndProject
Project("{9A19103F-16F7-4668-BE54-9A1E7A4F7556}") = "imbSCI.DataComplex.Standard", "imbSCI.DataComplex.Standard\imbSCI.DataComplex.Standard.csproj", "{3D0300FC-C628-4005-AEFD-EA226F724A64}"
EndProject
Project("{9A19103F-16F7-4668-BE54-9A1E7A4F7556}") = "imbSCI.Reporting.Standard", "imbSCI.Reporting.Standard\imbSCI.Reporting.Standard.csproj", "{ABF35BDD-BA94-4A95-A82F-5CC92F1C109E}"
EndProject
Project("{9A19103F-16F7-4668-BE54-9A1E7A4F7556}") = "imbSCI.Graph.Standard", "imbSCI.Graph.Standard\imbSCI.Graph.Standard.csproj", "{37DA1C72-3B8D-44F8-9F90-4F38E6609DA4}"
EndProject
Project("{FAE04EC0-301F-11D3-BF4B-00C04F79EFBC}") = "imbSCI.WinFormTestApp", "imbSCI.WinFormTestApp\imbSCI.WinFormTestApp.csproj", "{253A0CF4-0DB8-4DE7-B5FB-D761015C9D92}"
EndProject
Global
	GlobalSection(SolutionConfigurationPlatforms) = preSolution
		Debug|Any CPU = Debug|Any CPU
		Release|Any CPU = Release|Any CPU
	EndGlobalSection
	GlobalSection(ProjectConfigurationPlatforms) = postSolution
		{9A9FDA5B-BF30-4961-A49C-80F99F6F5E32}.Debug|Any CPU.ActiveCfg = Debug|Any CPU
		{9A9FDA5B-BF30-4961-A49C-80F99F6F5E32}.Debug|Any CPU.Build.0 = Debug|Any CPU
		{9A9FDA5B-BF30-4961-A49C-80F99F6F5E32}.Release|Any CPU.ActiveCfg = Release|Any CPU
		{9A9FDA5B-BF30-4961-A49C-80F99F6F5E32}.Release|Any CPU.Build.0 = Release|Any CPU
		{0EE97927-F515-41C5-93AF-2FEFACE008F1}.Debug|Any CPU.ActiveCfg = Debug|Any CPU
		{0EE97927-F515-41C5-93AF-2FEFACE008F1}.Release|Any CPU.ActiveCfg = Release|Any CPU
		{4DE91920-D704-44F9-9CF4-0820BBB6045B}.Debug|Any CPU.ActiveCfg = Debug|Any CPU
		{4DE91920-D704-44F9-9CF4-0820BBB6045B}.Debug|Any CPU.Build.0 = Debug|Any CPU
		{4DE91920-D704-44F9-9CF4-0820BBB6045B}.Release|Any CPU.ActiveCfg = Release|Any CPU
		{4DE91920-D704-44F9-9CF4-0820BBB6045B}.Release|Any CPU.Build.0 = Release|Any CPU
		{A0F7F075-1AA7-49BD-8D4B-811E0438C4D2}.Debug|Any CPU.ActiveCfg = Debug|Any CPU
		{A0F7F075-1AA7-49BD-8D4B-811E0438C4D2}.Debug|Any CPU.Build.0 = Debug|Any CPU
		{A0F7F075-1AA7-49BD-8D4B-811E0438C4D2}.Release|Any CPU.ActiveCfg = Release|Any CPU
		{A0F7F075-1AA7-49BD-8D4B-811E0438C4D2}.Release|Any CPU.Build.0 = Release|Any CPU
		{3D0300FC-C628-4005-AEFD-EA226F724A64}.Debug|Any CPU.ActiveCfg = Debug|Any CPU
		{3D0300FC-C628-4005-AEFD-EA226F724A64}.Debug|Any CPU.Build.0 = Debug|Any CPU
		{3D0300FC-C628-4005-AEFD-EA226F724A64}.Release|Any CPU.ActiveCfg = Release|Any CPU
		{3D0300FC-C628-4005-AEFD-EA226F724A64}.Release|Any CPU.Build.0 = Release|Any CPU
		{ABF35BDD-BA94-4A95-A82F-5CC92F1C109E}.Debug|Any CPU.ActiveCfg = Debug|Any CPU
		{ABF35BDD-BA94-4A95-A82F-5CC92F1C109E}.Debug|Any CPU.Build.0 = Debug|Any CPU
		{ABF35BDD-BA94-4A95-A82F-5CC92F1C109E}.Release|Any CPU.ActiveCfg = Release|Any CPU
		{ABF35BDD-BA94-4A95-A82F-5CC92F1C109E}.Release|Any CPU.Build.0 = Release|Any CPU
		{37DA1C72-3B8D-44F8-9F90-4F38E6609DA4}.Debug|Any CPU.ActiveCfg = Debug|Any CPU
		{37DA1C72-3B8D-44F8-9F90-4F38E6609DA4}.Debug|Any CPU.Build.0 = Debug|Any CPU
		{37DA1C72-3B8D-44F8-9F90-4F38E6609DA4}.Release|Any CPU.ActiveCfg = Release|Any CPU
		{37DA1C72-3B8D-44F8-9F90-4F38E6609DA4}.Release|Any CPU.Build.0 = Release|Any CPU
		{253A0CF4-0DB8-4DE7-B5FB-D761015C9D92}.Debug|Any CPU.ActiveCfg = Debug|Any CPU
		{253A0CF4-0DB8-4DE7-B5FB-D761015C9D92}.Debug|Any CPU.Build.0 = Debug|Any CPU
		{253A0CF4-0DB8-4DE7-B5FB-D761015C9D92}.Release|Any CPU.ActiveCfg = Release|Any CPU
		{253A0CF4-0DB8-4DE7-B5FB-D761015C9D92}.Release|Any CPU.Build.0 = Release|Any CPU
	EndGlobalSection
	GlobalSection(SolutionProperties) = preSolution
		HideSolutionNode = FALSE
	EndGlobalSection
	GlobalSection(ExtensibilityGlobals) = postSolution
		SolutionGuid = {BE7E2445-2F01-4C2E-8D3B-572C8015104B}
	EndGlobalSection
EndGlobal
